// !$*UTF8*$!
{
	archiveVersion = 1;
	classes = {
	};
	objectVersion = 56;
	objects = {

/* Begin PBXBuildFile section */
		001 /* AIStreamWallpaperApp.swift in Sources */ = {isa = PBXBuildFile; fileRef = 101; };
		002 /* AppDelegate.swift in Sources */ = {isa = PBXBuildFile; fileRef = 102; };
		003 /* Configuration.swift in Sources */ = {isa = PBXBuildFile; fileRef = 103; };
		004 /* VideoItem.swift in Sources */ = {isa = PBXBuildFile; fileRef = 104; };
		005 /* ConfigurationManager.swift in Sources */ = {isa = PBXBuildFile; fileRef = 105; };
		006 /* MonitorManager.swift in Sources */ = {isa = PBXBuildFile; fileRef = 106; };
		007 /* MenuBarView.swift in Sources */ = {isa = PBXBuildFile; fileRef = 107; };
		008 /* SettingsView.swift in Sources */ = {isa = PBXBuildFile; fileRef = 108; };
		009 /* LibraryBrowserView.swift in Sources */ = {isa = PBXBuildFile; fileRef = 109; };
		010 /* WallpaperWindow.swift in Sources */ = {isa = PBXBuildFile; fileRef = 110; };
		011 /* WebWallpaperView.swift in Sources */ = {isa = PBXBuildFile; fileRef = 111; };
		012 /* VideoWallpaperView.swift in Sources */ = {isa = PBXBuildFile; fileRef = 112; };
		013 /* WallpaperManager.swift in Sources */ = {isa = PBXBuildFile; fileRef = 113; };
		014 /* VideoInterceptor.swift in Sources */ = {isa = PBXBuildFile; fileRef = 114; };
		015 /* DownloadManager.swift in Sources */ = {isa = PBXBuildFile; fileRef = 115; };
		016 /* MetadataExtractor.swift in Sources */ = {isa = PBXBuildFile; fileRef = 116; };
		017 /* LibraryDatabase.swift in Sources */ = {isa = PBXBuildFile; fileRef = 117; };
		018 /* LibraryManager.swift in Sources */ = {isa = PBXBuildFile; fileRef = 118; };
		019 /* ThumbnailGenerator.swift in Sources */ = {isa = PBXBuildFile; fileRef = 119; };
		020 /* PlaybackController.swift in Sources */ = {isa = PBXBuildFile; fileRef = 120; };
		021 /* SchedulerService.swift in Sources */ = {isa = PBXBuildFile; fileRef = 121; };
		023 /* LocalizationManager.swift in Sources */ = {isa = PBXBuildFile; fileRef = 124; };
		024 /* Localizable.strings in Resources */ = {isa = PBXBuildFile; fileRef = 125; };
		025 /* HotkeyManager.swift in Sources */ = {isa = PBXBuildFile; fileRef = 127; };
		026 /* MiniControlsView.swift in Sources */ = {isa = PBXBuildFile; fileRef = 128; };
		027 /* NetworkMonitorService.swift in Sources */ = {isa = PBXBuildFile; fileRef = 129; };
		028 /* MainWindowView.swift in Sources */ = {isa = PBXBuildFile; fileRef = 130; };
		029 /* StreamingSettingsView.swift in Sources */ = {isa = PBXBuildFile; fileRef = 131; };
		030 /* OverlaySettingsView.swift in Sources */ = {isa = PBXBuildFile; fileRef = 132; };
		031 /* ShortcutSettingsView.swift in Sources */ = {isa = PBXBuildFile; fileRef = 133; };
		032 /* GeneralSettingsView.swift in Sources */ = {isa = PBXBuildFile; fileRef = 134; };
		033 /* Assets.xcassets in Resources */ = {isa = PBXBuildFile; fileRef = 135; };
/* End PBXBuildFile section */

/* Begin PBXFileReference section */
		100 /* AIStreamWallpaper.app */ = {isa = PBXFileReference; explicitFileType = wrapper.application; includeInIndex = 0; path = AIStreamWallpaper.app; sourceTree = BUILT_PRODUCTS_DIR; };
		101 /* AIStreamWallpaperApp.swift */ = {isa = PBXFileReference; lastKnownFileType = sourcecode.swift; path = AIStreamWallpaperApp.swift; sourceTree = "<group>"; };
		102 /* AppDelegate.swift */ = {isa = PBXFileReference; lastKnownFileType = sourcecode.swift; path = AppDelegate.swift; sourceTree = "<group>"; };
		103 /* Configuration.swift */ = {isa = PBXFileReference; lastKnownFileType = sourcecode.swift; path = Configuration.swift; sourceTree = "<group>"; };
		104 /* VideoItem.swift */ = {isa = PBXFileReference; lastKnownFileType = sourcecode.swift; path = VideoItem.swift; sourceTree = "<group>"; };
		105 /* ConfigurationManager.swift */ = {isa = PBXFileReference; lastKnownFileType = sourcecode.swift; path = ConfigurationManager.swift; sourceTree = "<group>"; };
		106 /* MonitorManager.swift */ = {isa = PBXFileReference; lastKnownFileType = sourcecode.swift; path = MonitorManager.swift; sourceTree = "<group>"; };
		107 /* MenuBarView.swift */ = {isa = PBXFileReference; lastKnownFileType = sourcecode.swift; path = MenuBarView.swift; sourceTree = "<group>"; };
		108 /* SettingsView.swift */ = {isa = PBXFileReference; lastKnownFileType = sourcecode.swift; path = SettingsView.swift; sourceTree = "<group>"; };
		109 /* LibraryBrowserView.swift */ = {isa = PBXFileReference; lastKnownFileType = sourcecode.swift; path = LibraryBrowserView.swift; sourceTree = "<group>"; };
		110 /* WallpaperWindow.swift */ = {isa = PBXFileReference; lastKnownFileType = sourcecode.swift; path = WallpaperWindow.swift; sourceTree = "<group>"; };
		111 /* WebWallpaperView.swift */ = {isa = PBXFileReference; lastKnownFileType = sourcecode.swift; path = WebWallpaperView.swift; sourceTree = "<group>"; };
		112 /* VideoWallpaperView.swift */ = {isa = PBXFileReference; lastKnownFileType = sourcecode.swift; path = VideoWallpaperView.swift; sourceTree = "<group>"; };
		113 /* WallpaperManager.swift */ = {isa = PBXFileReference; lastKnownFileType = sourcecode.swift; path = WallpaperManager.swift; sourceTree = "<group>"; };
		114 /* VideoInterceptor.swift */ = {isa = PBXFileReference; lastKnownFileType = sourcecode.swift; path = VideoInterceptor.swift; sourceTree = "<group>"; };
		115 /* DownloadManager.swift */ = {isa = PBXFileReference; lastKnownFileType = sourcecode.swift; path = DownloadManager.swift; sourceTree = "<group>"; };
		116 /* MetadataExtractor.swift */ = {isa = PBXFileReference; lastKnownFileType = sourcecode.swift; path = MetadataExtractor.swift; sourceTree = "<group>"; };
		117 /* LibraryDatabase.swift */ = {isa = PBXFileReference; lastKnownFileType = sourcecode.swift; path = LibraryDatabase.swift; sourceTree = "<group>"; };
		118 /* LibraryManager.swift */ = {isa = PBXFileReference; lastKnownFileType = sourcecode.swift; path = LibraryManager.swift; sourceTree = "<group>"; };
		119 /* ThumbnailGenerator.swift */ = {isa = PBXFileReference; lastKnownFileType = sourcecode.swift; path = ThumbnailGenerator.swift; sourceTree = "<group>"; };
		120 /* PlaybackController.swift */ = {isa = PBXFileReference; lastKnownFileType = sourcecode.swift; path = PlaybackController.swift; sourceTree = "<group>"; };
		121 /* SchedulerService.swift */ = {isa = PBXFileReference; lastKnownFileType = sourcecode.swift; path = SchedulerService.swift; sourceTree = "<group>"; };
		122 /* Info.plist */ = {isa = PBXFileReference; lastKnownFileType = text.plist.xml; path = Info.plist; sourceTree = "<group>"; };
		124 /* LocalizationManager.swift */ = {isa = PBXFileReference; lastKnownFileType = sourcecode.swift; path = LocalizationManager.swift; sourceTree = "<group>"; };
		1250 /* en */ = {isa = PBXFileReference; lastKnownFileType = text.plist.strings; name = en; path = en.lproj/Localizable.strings; sourceTree = "<group>"; };
		126 /* ko */ = {isa = PBXFileReference; lastKnownFileType = text.plist.strings; name = ko; path = ko.lproj/Localizable.strings; sourceTree = "<group>"; };
		1261 /* ja */ = {isa = PBXFileReference; lastKnownFileType = text.plist.strings; name = ja; path = ja.lproj/Localizable.strings; sourceTree = "<group>"; };
		127 /* HotkeyManager.swift */ = {isa = PBXFileReference; lastKnownFileType = sourcecode.swift; path = HotkeyManager.swift; sourceTree = "<group>"; };
		128 /* MiniControlsView.swift */ = {isa = PBXFileReference; lastKnownFileType = sourcecode.swift; path = MiniControlsView.swift; sourceTree = "<group>"; };
		129 /* NetworkMonitorService.swift */ = {isa = PBXFileReference; lastKnownFileType = sourcecode.swift; path = NetworkMonitorService.swift; sourceTree = "<group>"; };
		130 /* MainWindowView.swift */ = {isa = PBXFileReference; lastKnownFileType = sourcecode.swift; path = MainWindowView.swift; sourceTree = "<group>"; };
		131 /* StreamingSettingsView.swift */ = {isa = PBXFileReference; lastKnownFileType = sourcecode.swift; path = StreamingSettingsView.swift; sourceTree = "<group>"; };
		132 /* OverlaySettingsView.swift */ = {isa = PBXFileReference; lastKnownFileType = sourcecode.swift; path = OverlaySettingsView.swift; sourceTree = "<group>"; };
		133 /* ShortcutSettingsView.swift */ = {isa = PBXFileReference; lastKnownFileType = sourcecode.swift; path = ShortcutSettingsView.swift; sourceTree = "<group>"; };
		134 /* GeneralSettingsView.swift */ = {isa = PBXFileReference; lastKnownFileType = sourcecode.swift; path = GeneralSettingsView.swift; sourceTree = "<group>"; };
		135 /* Assets.xcassets */ = {isa = PBXFileReference; lastKnownFileType = folder.assetcatalog; path = Assets.xcassets; sourceTree = "<group>"; };
/* End PBXFileReference section */

/* Begin PBXFrameworksBuildPhase section */
		200 /* Frameworks */ = {
			isa = PBXFrameworksBuildPhase;
			buildActionMask = 2147483647;
			files = (
			);
			runOnlyForDeploymentPostprocessing = 0;
		};
/* End PBXFrameworksBuildPhase section */

/* Begin PBXGroup section */
		300 = {
			isa = PBXGroup;
			children = (
				301 /* AIStreamWallpaper */,
				302 /* Products */,
			);
			sourceTree = "<group>";
		};
		301 /* AIStreamWallpaper */ = {
			isa = PBXGroup;
			children = (
				303 /* App */,
				304 /* Models */,
				305 /* Views */,
				306 /* Wallpaper */,
				307 /* Capture */,
				308 /* Library */,
				309 /* Playback */,
				310 /* Services */,
				311 /* Resources */,
			);
			path = AIStreamWallpaper;
			sourceTree = "<group>";
		};
		302 /* Products */ = {
			isa = PBXGroup;
			children = (
				100 /* AIStreamWallpaper.app */,
			);
			name = Products;
			sourceTree = "<group>";
		};
		303 /* App */ = {
			isa = PBXGroup;
			children = (
				101 /* AIStreamWallpaperApp.swift */,
				102 /* AppDelegate.swift */,
			);
			path = App;
			sourceTree = "<group>";
		};
		304 /* Models */ = {
			isa = PBXGroup;
			children = (
				103 /* Configuration.swift */,
				104 /* VideoItem.swift */,
			);
			path = Models;
			sourceTree = "<group>";
		};
		305 /* Views */ = {
			isa = PBXGroup;
			children = (
				107 /* MenuBarView.swift */,
				108 /* SettingsView.swift */,
				109 /* LibraryBrowserView.swift */,
				128 /* MiniControlsView.swift */,
				130 /* MainWindowView.swift */,
				312 /* Settings */,
			);
			path = Views;
			sourceTree = "<group>";
		};
		306 /* Wallpaper */ = {
			isa = PBXGroup;
			children = (
				110 /* WallpaperWindow.swift */,
				111 /* WebWallpaperView.swift */,
				112 /* VideoWallpaperView.swift */,
				113 /* WallpaperManager.swift */,
			);
			path = Wallpaper;
			sourceTree = "<group>";
		};
		307 /* Capture */ = {
			isa = PBXGroup;
			children = (
				114 /* VideoInterceptor.swift */,
				115 /* DownloadManager.swift */,
				116 /* MetadataExtractor.swift */,
			);
			path = Capture;
			sourceTree = "<group>";
		};
		308 /* Library */ = {
			isa = PBXGroup;
			children = (
				117 /* LibraryDatabase.swift */,
				118 /* LibraryManager.swift */,
				119 /* ThumbnailGenerator.swift */,
			);
			path = Library;
			sourceTree = "<group>";
		};
		309 /* Playback */ = {
			isa = PBXGroup;
			children = (
				120 /* PlaybackController.swift */,
			);
			path = Playback;
			sourceTree = "<group>";
		};
		310 /* Services */ = {
			isa = PBXGroup;
			children = (
				105 /* ConfigurationManager.swift */,
				106 /* MonitorManager.swift */,
				121 /* SchedulerService.swift */,
				124 /* LocalizationManager.swift */,
				127 /* HotkeyManager.swift */,
				129 /* NetworkMonitorService.swift */,
			);
			path = Services;
			sourceTree = "<group>";
		};
		311 /* Resources */ = {
			isa = PBXGroup;
			children = (
				122 /* Info.plist */,
				125 /* Localizable.strings */,
				135 /* Assets.xcassets */,
			);
			path = Resources;
			sourceTree = "<group>";
		};
		312 /* Settings */ = {
			isa = PBXGroup;
			children = (
				131 /* StreamingSettingsView.swift */,
				132 /* OverlaySettingsView.swift */,
				133 /* ShortcutSettingsView.swift */,
				134 /* GeneralSettingsView.swift */,
			);
			path = Settings;
			sourceTree = "<group>";
		};
/* End PBXGroup section */

/* Begin PBXNativeTarget section */
		400 /* AIStreamWallpaper */ = {
			isa = PBXNativeTarget;
			buildConfigurationList = 500;
			buildPhases = (
				401 /* Sources */,
				200 /* Frameworks */,
				402 /* Resources */,
			);
			buildRules = (
			);
			dependencies = (
			);
			name = AIStreamWallpaper;
			productName = AIStreamWallpaper;
			productReference = 100 /* AIStreamWallpaper.app */;
			productType = "com.apple.product-type.application";
		};
/* End PBXNativeTarget section */

/* Begin PBXProject section */
		600 /* Project object */ = {
			isa = PBXProject;
			attributes = {
				BuildIndependentTargetsInParallel = 1;
				LastSwiftUpdateCheck = 1500;
				LastUpgradeCheck = 1500;
				TargetAttributes = {
					400 = {
						CreatedOnToolsVersion = 15.0;
					};
				};
			};
			buildConfigurationList = 601;
			compatibilityVersion = "Xcode 14.0";
			developmentRegion = en;
			hasScannedForEncodings = 0;
			knownRegions = (
				en,
				Base,
				ko,
				ja,
			);
			mainGroup = 300;
			productRefGroup = 302 /* Products */;
			projectDirPath = "";
			projectRoot = "";
			targets = (
				400 /* AIStreamWallpaper */,
			);
		};
/* End PBXProject section */

/* Begin PBXResourcesBuildPhase section */
		402 /* Resources */ = {
			isa = PBXResourcesBuildPhase;
			buildActionMask = 2147483647;
			files = (
				024 /* Localizable.strings in Resources */,
				033 /* Assets.xcassets in Resources */,
			);
			runOnlyForDeploymentPostprocessing = 0;
		};
/* End PBXResourcesBuildPhase section */

/* Begin PBXVariantGroup section */
		125 /* Localizable.strings */ = {
			isa = PBXVariantGroup;
			children = (
				1250 /* en */,
				126 /* ko */,
				1261 /* ja */,
			);
			name = Localizable.strings;
			sourceTree = "<group>";
		};
/* End PBXVariantGroup section */

/* Begin PBXSourcesBuildPhase section */
		401 /* Sources */ = {
			isa = PBXSourcesBuildPhase;
			buildActionMask = 2147483647;
			files = (
				001 /* AIStreamWallpaperApp.swift in Sources */,
				002 /* AppDelegate.swift in Sources */,
				003 /* Configuration.swift in Sources */,
				004 /* VideoItem.swift in Sources */,
				005 /* ConfigurationManager.swift in Sources */,
				006 /* MonitorManager.swift in Sources */,
				007 /* MenuBarView.swift in Sources */,
				008 /* SettingsView.swift in Sources */,
				009 /* LibraryBrowserView.swift in Sources */,
				010 /* WallpaperWindow.swift in Sources */,
				011 /* WebWallpaperView.swift in Sources */,
				012 /* VideoWallpaperView.swift in Sources */,
				013 /* WallpaperManager.swift in Sources */,
				014 /* VideoInterceptor.swift in Sources */,
				015 /* DownloadManager.swift in Sources */,
				016 /* MetadataExtractor.swift in Sources */,
				017 /* LibraryDatabase.swift in Sources */,
				018 /* LibraryManager.swift in Sources */,
				019 /* ThumbnailGenerator.swift in Sources */,
				020 /* PlaybackController.swift in Sources */,
				021 /* SchedulerService.swift in Sources */,
				023 /* LocalizationManager.swift in Sources */,
				025 /* HotkeyManager.swift in Sources */,
				026 /* MiniControlsView.swift in Sources */,
				027 /* NetworkMonitorService.swift in Sources */,
				028 /* MainWindowView.swift in Sources */,
				029 /* StreamingSettingsView.swift in Sources */,
				030 /* OverlaySettingsView.swift in Sources */,
				031 /* ShortcutSettingsView.swift in Sources */,
				032 /* GeneralSettingsView.swift in Sources */,
			);
			runOnlyForDeploymentPostprocessing = 0;
		};
/* End PBXSourcesBuildPhase section */

/* Begin XCBuildConfiguration section */
		700 /* Debug */ = {
			isa = XCBuildConfiguration;
			buildSettings = {
				ALWAYS_SEARCH_USER_PATHS = NO;
				ASSETCATALOG_COMPILER_GENERATE_SWIFT_ASSET_SYMBOL_EXTENSIONS = YES;
				CLANG_ANALYZER_NONNULL = YES;
				CLANG_ANALYZER_NUMBER_OBJECT_CONVERSION = YES_AGGRESSIVE;
				CLANG_CXX_LANGUAGE_STANDARD = "gnu++20";
				CLANG_ENABLE_MODULES = YES;
				CLANG_ENABLE_OBJC_ARC = YES;
				CLANG_ENABLE_OBJC_WEAK = YES;
				CLANG_WARN_BLOCK_CAPTURE_AUTORELEASING = YES;
				CLANG_WARN_BOOL_CONVERSION = YES;
				CLANG_WARN_COMMA = YES;
				CLANG_WARN_CONSTANT_CONVERSION = YES;
				CLANG_WARN_DEPRECATED_OBJC_IMPLEMENTATIONS = YES;
				CLANG_WARN_DIRECT_OBJC_ISA_USAGE = YES_ERROR;
				CLANG_WARN_DOCUMENTATION_COMMENTS = YES;
				CLANG_WARN_EMPTY_BODY = YES;
				CLANG_WARN_ENUM_CONVERSION = YES;
				CLANG_WARN_INFINITE_RECURSION = YES;
				CLANG_WARN_INT_CONVERSION = YES;
				CLANG_WARN_NON_LITERAL_NULL_CONVERSION = YES;
				CLANG_WARN_OBJC_IMPLICIT_RETAIN_SELF = YES;
				CLANG_WARN_OBJC_LITERAL_CONVERSION = YES;
				CLANG_WARN_OBJC_ROOT_CLASS = YES_ERROR;
				CLANG_WARN_QUOTED_INCLUDE_IN_FRAMEWORK_HEADER = YES;
				CLANG_WARN_RANGE_LOOP_ANALYSIS = YES;
				CLANG_WARN_STRICT_PROTOTYPES = YES;
				CLANG_WARN_SUSPICIOUS_MOVE = YES;
				CLANG_WARN_UNGUARDED_AVAILABILITY = YES_AGGRESSIVE;
				CLANG_WARN_UNREACHABLE_CODE = YES;
				CLANG_WARN__DUPLICATE_METHOD_MATCH = YES;
				COPY_PHASE_STRIP = NO;
				DEBUG_INFORMATION_FORMAT = dwarf;
				ENABLE_STRICT_OBJC_MSGSEND = YES;
				ENABLE_TESTABILITY = YES;
				ENABLE_USER_SCRIPT_SANDBOXING = YES;
				GCC_C_LANGUAGE_STANDARD = gnu17;
				GCC_DYNAMIC_NO_PIC = NO;
				GCC_NO_COMMON_BLOCKS = YES;
				GCC_OPTIMIZATION_LEVEL = 0;
				GCC_PREPROCESSOR_DEFINITIONS = (
					"DEBUG=1",
					"$(inherited)",
				);
				GCC_WARN_64_TO_32_BIT_CONVERSION = YES;
				GCC_WARN_ABOUT_RETURN_TYPE = YES_ERROR;
				GCC_WARN_UNDECLARED_SELECTOR = YES;
				GCC_WARN_UNINITIALIZED_AUTOS = YES_AGGRESSIVE;
				GCC_WARN_UNUSED_FUNCTION = YES;
				GCC_WARN_UNUSED_VARIABLE = YES;
				LOCALIZATION_PREFERS_STRING_CATALOGS = YES;
				MACOSX_DEPLOYMENT_TARGET = 13.0;
				MTL_ENABLE_DEBUG_INFO = INCLUDE_SOURCE;
				MTL_FAST_MATH = YES;
				ONLY_ACTIVE_ARCH = YES;
				SDKROOT = macosx;
				SWIFT_ACTIVE_COMPILATION_CONDITIONS = "DEBUG $(inherited)";
				SWIFT_OPTIMIZATION_LEVEL = "-Onone";
			};
			name = Debug;
		};
		701 /* Release */ = {
			isa = XCBuildConfiguration;
			buildSettings = {
				ALWAYS_SEARCH_USER_PATHS = NO;
				ASSETCATALOG_COMPILER_GENERATE_SWIFT_ASSET_SYMBOL_EXTENSIONS = YES;
				CLANG_ANALYZER_NONNULL = YES;
				CLANG_ANALYZER_NUMBER_OBJECT_CONVERSION = YES_AGGRESSIVE;
				CLANG_CXX_LANGUAGE_STANDARD = "gnu++20";
				CLANG_ENABLE_MODULES = YES;
				CLANG_ENABLE_OBJC_ARC = YES;
				CLANG_ENABLE_OBJC_WEAK = YES;
				CLANG_WARN_BLOCK_CAPTURE_AUTORELEASING = YES;
				CLANG_WARN_BOOL_CONVERSION = YES;
				CLANG_WARN_COMMA = YES;
				CLANG_WARN_CONSTANT_CONVERSION = YES;
				CLANG_WARN_DEPRECATED_OBJC_IMPLEMENTATIONS = YES;
				CLANG_WARN_DIRECT_OBJC_ISA_USAGE = YES_ERROR;
				CLANG_WARN_DOCUMENTATION_COMMENTS = YES;
				CLANG_WARN_EMPTY_BODY = YES;
				CLANG_WARN_ENUM_CONVERSION = YES;
				CLANG_WARN_INFINITE_RECURSION = YES;
				CLANG_WARN_INT_CONVERSION = YES;
				CLANG_WARN_NON_LITERAL_NULL_CONVERSION = YES;
				CLANG_WARN_OBJC_IMPLICIT_RETAIN_SELF = YES;
				CLANG_WARN_OBJC_LITERAL_CONVERSION = YES;
				CLANG_WARN_OBJC_ROOT_CLASS = YES_ERROR;
				CLANG_WARN_QUOTED_INCLUDE_IN_FRAMEWORK_HEADER = YES;
				CLANG_WARN_RANGE_LOOP_ANALYSIS = YES;
				CLANG_WARN_STRICT_PROTOTYPES = YES;
				CLANG_WARN_SUSPICIOUS_MOVE = YES;
				CLANG_WARN_UNGUARDED_AVAILABILITY = YES_AGGRESSIVE;
				CLANG_WARN_UNREACHABLE_CODE = YES;
				CLANG_WARN__DUPLICATE_METHOD_MATCH = YES;
				COPY_PHASE_STRIP = NO;
				DEBUG_INFORMATION_FORMAT = "dwarf-with-dsym";
				ENABLE_NS_ASSERTIONS = NO;
				ENABLE_STRICT_OBJC_MSGSEND = YES;
				ENABLE_USER_SCRIPT_SANDBOXING = YES;
				GCC_C_LANGUAGE_STANDARD = gnu17;
				GCC_NO_COMMON_BLOCKS = YES;
				GCC_WARN_64_TO_32_BIT_CONVERSION = YES;
				GCC_WARN_ABOUT_RETURN_TYPE = YES_ERROR;
				GCC_WARN_UNDECLARED_SELECTOR = YES;
				GCC_WARN_UNINITIALIZED_AUTOS = YES_AGGRESSIVE;
				GCC_WARN_UNUSED_FUNCTION = YES;
				GCC_WARN_UNUSED_VARIABLE = YES;
				LOCALIZATION_PREFERS_STRING_CATALOGS = YES;
				MACOSX_DEPLOYMENT_TARGET = 13.0;
				MTL_ENABLE_DEBUG_INFO = NO;
				MTL_FAST_MATH = YES;
				SDKROOT = macosx;
				SWIFT_COMPILATION_MODE = wholemodule;
			};
			name = Release;
		};
		702 /* Debug */ = {
			isa = XCBuildConfiguration;
			buildSettings = {
				ASSETCATALOG_COMPILER_APPICON_NAME = AppIcon;
				ASSETCATALOG_COMPILER_GLOBAL_ACCENT_COLOR_NAME = AccentColor;
				CODE_SIGN_ENTITLEMENTS = AIStreamWallpaper/Resources/AIStreamWallpaper.entitlements;
				CODE_SIGN_STYLE = Automatic;
				COMBINE_HIDPI_IMAGES = YES;
				CURRENT_PROJECT_VERSION = 1;
				DEVELOPMENT_ASSET_PATHS = "";
				ENABLE_PREVIEWS = YES;
				GENERATE_INFOPLIST_FILE = YES;
				INFOPLIST_FILE = AIStreamWallpaper/Resources/Info.plist;
				INFOPLIST_KEY_LSApplicationCategoryType = "public.app-category.utilities";
				INFOPLIST_KEY_NSHumanReadableCopyright = "";
				LD_RUNPATH_SEARCH_PATHS = (
					"$(inherited)",
					"@executable_path/../Frameworks",
				);
				MARKETING_VERSION = 1.0.0;
				PRODUCT_BUNDLE_IDENTIFIER = com.midtv.wallpaper;
				PRODUCT_NAME = "$(TARGET_NAME)";
				SWIFT_EMIT_LOC_STRINGS = YES;
				SWIFT_VERSION = 5.0;
			};
			name = Debug;
		};
		703 /* Release */ = {
			isa = XCBuildConfiguration;
			buildSettings = {
				ASSETCATALOG_COMPILER_APPICON_NAME = AppIcon;
				ASSETCATALOG_COMPILER_GLOBAL_ACCENT_COLOR_NAME = AccentColor;
				CODE_SIGN_ENTITLEMENTS = AIStreamWallpaper/Resources/AIStreamWallpaper.entitlements;
				CODE_SIGN_STYLE = Automatic;
				COMBINE_HIDPI_IMAGES = YES;
				CURRENT_PROJECT_VERSION = 1;
				DEVELOPMENT_ASSET_PATHS = "";
				ENABLE_PREVIEWS = YES;
				GENERATE_INFOPLIST_FILE = YES;
				INFOPLIST_FILE = AIStreamWallpaper/Resources/Info.plist;
				INFOPLIST_KEY_LSApplicationCategoryType = "public.app-category.utilities";
				INFOPLIST_KEY_NSHumanReadableCopyright = "";
				LD_RUNPATH_SEARCH_PATHS = (
					"$(inherited)",
					"@executable_path/../Frameworks",
				);
				MARKETING_VERSION = 1.0.0;
				PRODUCT_BUNDLE_IDENTIFIER = com.midtv.wallpaper;
				PRODUCT_NAME = "$(TARGET_NAME)";
				SWIFT_EMIT_LOC_STRINGS = YES;
				SWIFT_VERSION = 5.0;
			};
			name = Release;
		};
/* End XCBuildConfiguration section */

/* Begin XCConfigurationList section */
		500 /* Build configuration list for PBXNativeTarget "AIStreamWallpaper" */ = {
			isa = XCConfigurationList;
			buildConfigurations = (
				702 /* Debug */,
				703 /* Release */,
			);
			defaultConfigurationIsVisible = 0;
			defaultConfigurationName = Release;
		};
		601 /* Build configuration list for PBXProject "AIStreamWallpaper" */ = {
			isa = XCConfigurationList;
			buildConfigurations = (
				700 /* Debug */,
				701 /* Release */,
			);
			defaultConfigurationIsVisible = 0;
			defaultConfigurationName = Release;
		};
/* End XCConfigurationList section */
	};
	rootObject = 600 /* Project object */;
}

